// !$*UTF8*$!
{
	archiveVersion = 1;
	classes = {
	};
	objectVersion = 46;
	objects = {

/* Begin PBXBuildFile section */
		9A3359501B947B7C007CEDBB /* AppDelegate.swift in Sources */ = {isa = PBXBuildFile; fileRef = 9A33594F1B947B7C007CEDBB /* AppDelegate.swift */; };
		9A3359521B947B7C007CEDBB /* ViewController.swift in Sources */ = {isa = PBXBuildFile; fileRef = 9A3359511B947B7C007CEDBB /* ViewController.swift */; };
		9A3359551B947B7C007CEDBB /* Main.storyboard in Resources */ = {isa = PBXBuildFile; fileRef = 9A3359531B947B7C007CEDBB /* Main.storyboard */; };
		9A3359571B947B7C007CEDBB /* Images.xcassets in Resources */ = {isa = PBXBuildFile; fileRef = 9A3359561B947B7C007CEDBB /* Images.xcassets */; };
		9A33595A1B947B7C007CEDBB /* LaunchScreen.xib in Resources */ = {isa = PBXBuildFile; fileRef = 9A3359581B947B7C007CEDBB /* LaunchScreen.xib */; };
		9A3359661B947B7D007CEDBB /* AkutagawaPrizeTests.swift in Sources */ = {isa = PBXBuildFile; fileRef = 9A3359651B947B7D007CEDBB /* AkutagawaPrizeTests.swift */; };
/* End PBXBuildFile section */

/* Begin PBXContainerItemProxy section */
		9A3359601B947B7D007CEDBB /* PBXContainerItemProxy */ = {
			isa = PBXContainerItemProxy;
			containerPortal = 9A3359421B947B7C007CEDBB /* Project object */;
			proxyType = 1;
			remoteGlobalIDString = 9A3359491B947B7C007CEDBB;
			remoteInfo = AkutagawaPrize;
		};
/* End PBXContainerItemProxy section */

/* Begin PBXFileReference section */
		9A33594A1B947B7C007CEDBB /* AkutagawaPrize.app */ = {isa = PBXFileReference; explicitFileType = wrapper.application; includeInIndex = 0; path = AkutagawaPrize.app; sourceTree = BUILT_PRODUCTS_DIR; };
		9A33594E1B947B7C007CEDBB /* Info.plist */ = {isa = PBXFileReference; lastKnownFileType = text.plist.xml; path = Info.plist; sourceTree = "<group>"; };
		9A33594F1B947B7C007CEDBB /* AppDelegate.swift */ = {isa = PBXFileReference; lastKnownFileType = sourcecode.swift; path = AppDelegate.swift; sourceTree = "<group>"; };
		9A3359511B947B7C007CEDBB /* ViewController.swift */ = {isa = PBXFileReference; lastKnownFileType = sourcecode.swift; path = ViewController.swift; sourceTree = "<group>"; };
		9A3359541B947B7C007CEDBB /* Base */ = {isa = PBXFileReference; lastKnownFileType = file.storyboard; name = Base; path = Base.lproj/Main.storyboard; sourceTree = "<group>"; };
		9A3359561B947B7C007CEDBB /* Images.xcassets */ = {isa = PBXFileReference; lastKnownFileType = folder.assetcatalog; path = Images.xcassets; sourceTree = "<group>"; };
		9A3359591B947B7C007CEDBB /* Base */ = {isa = PBXFileReference; lastKnownFileType = file.xib; name = Base; path = Base.lproj/LaunchScreen.xib; sourceTree = "<group>"; };
		9A33595F1B947B7D007CEDBB /* AkutagawaPrizeTests.xctest */ = {isa = PBXFileReference; explicitFileType = wrapper.cfbundle; includeInIndex = 0; path = AkutagawaPrizeTests.xctest; sourceTree = BUILT_PRODUCTS_DIR; };
		9A3359641B947B7D007CEDBB /* Info.plist */ = {isa = PBXFileReference; lastKnownFileType = text.plist.xml; path = Info.plist; sourceTree = "<group>"; };
		9A3359651B947B7D007CEDBB /* AkutagawaPrizeTests.swift */ = {isa = PBXFileReference; lastKnownFileType = sourcecode.swift; path = AkutagawaPrizeTests.swift; sourceTree = "<group>"; };
/* End PBXFileReference section */

/* Begin PBXFrameworksBuildPhase section */
		9A3359471B947B7C007CEDBB /* Frameworks */ = {
			isa = PBXFrameworksBuildPhase;
			buildActionMask = 2147483647;
			files = (
			);
			runOnlyForDeploymentPostprocessing = 0;
		};
		9A33595C1B947B7D007CEDBB /* Frameworks */ = {
			isa = PBXFrameworksBuildPhase;
			buildActionMask = 2147483647;
			files = (
			);
			runOnlyForDeploymentPostprocessing = 0;
		};
/* End PBXFrameworksBuildPhase section */

/* Begin PBXGroup section */
		9A3359411B947B7C007CEDBB = {
			isa = PBXGroup;
			children = (
				9A33594C1B947B7C007CEDBB /* AkutagawaPrize */,
				9A3359621B947B7D007CEDBB /* AkutagawaPrizeTests */,
				9A33594B1B947B7C007CEDBB /* Products */,
			);
			sourceTree = "<group>";
		};
		9A33594B1B947B7C007CEDBB /* Products */ = {
			isa = PBXGroup;
			children = (
				9A33594A1B947B7C007CEDBB /* AkutagawaPrize.app */,
				9A33595F1B947B7D007CEDBB /* AkutagawaPrizeTests.xctest */,
			);
			name = Products;
			sourceTree = "<group>";
		};
		9A33594C1B947B7C007CEDBB /* AkutagawaPrize */ = {
			isa = PBXGroup;
			children = (
				9A33594F1B947B7C007CEDBB /* AppDelegate.swift */,
				9A3359511B947B7C007CEDBB /* ViewController.swift */,
				9A3359531B947B7C007CEDBB /* Main.storyboard */,
				9A3359561B947B7C007CEDBB /* Images.xcassets */,
				9A3359581B947B7C007CEDBB /* LaunchScreen.xib */,
				9A33594D1B947B7C007CEDBB /* Supporting Files */,
			);
			path = AkutagawaPrize;
			sourceTree = "<group>";
		};
		9A33594D1B947B7C007CEDBB /* Supporting Files */ = {
			isa = PBXGroup;
			children = (
				9A33594E1B947B7C007CEDBB /* Info.plist */,
			);
			name = "Supporting Files";
			sourceTree = "<group>";
		};
		9A3359621B947B7D007CEDBB /* AkutagawaPrizeTests */ = {
			isa = PBXGroup;
			children = (
				9A3359651B947B7D007CEDBB /* AkutagawaPrizeTests.swift */,
				9A3359631B947B7D007CEDBB /* Supporting Files */,
			);
			path = AkutagawaPrizeTests;
			sourceTree = "<group>";
		};
		9A3359631B947B7D007CEDBB /* Supporting Files */ = {
			isa = PBXGroup;
			children = (
				9A3359641B947B7D007CEDBB /* Info.plist */,
			);
			name = "Supporting Files";
			sourceTree = "<group>";
		};
/* End PBXGroup section */

/* Begin PBXNativeTarget section */
		9A3359491B947B7C007CEDBB /* AkutagawaPrize */ = {
			isa = PBXNativeTarget;
			buildConfigurationList = 9A3359691B947B7D007CEDBB /* Build configuration list for PBXNativeTarget "AkutagawaPrize" */;
			buildPhases = (
				9A3359461B947B7C007CEDBB /* Sources */,
				9A3359471B947B7C007CEDBB /* Frameworks */,
				9A3359481B947B7C007CEDBB /* Resources */,
			);
			buildRules = (
			);
			dependencies = (
			);
			name = AkutagawaPrize;
			productName = AkutagawaPrize;
			productReference = 9A33594A1B947B7C007CEDBB /* AkutagawaPrize.app */;
			productType = "com.apple.product-type.application";
		};
		9A33595E1B947B7D007CEDBB /* AkutagawaPrizeTests */ = {
			isa = PBXNativeTarget;
			buildConfigurationList = 9A33596C1B947B7D007CEDBB /* Build configuration list for PBXNativeTarget "AkutagawaPrizeTests" */;
			buildPhases = (
				9A33595B1B947B7D007CEDBB /* Sources */,
				9A33595C1B947B7D007CEDBB /* Frameworks */,
				9A33595D1B947B7D007CEDBB /* Resources */,
			);
			buildRules = (
			);
			dependencies = (
				9A3359611B947B7D007CEDBB /* PBXTargetDependency */,
			);
			name = AkutagawaPrizeTests;
			productName = AkutagawaPrizeTests;
			productReference = 9A33595F1B947B7D007CEDBB /* AkutagawaPrizeTests.xctest */;
			productType = "com.apple.product-type.bundle.unit-test";
		};
/* End PBXNativeTarget section */

/* Begin PBXProject section */
		9A3359421B947B7C007CEDBB /* Project object */ = {
			isa = PBXProject;
			attributes = {
				LastUpgradeCheck = 0640;
				ORGANIZATIONNAME = naoyashiga;
				TargetAttributes = {
					9A3359491B947B7C007CEDBB = {
						CreatedOnToolsVersion = 6.4;
					};
					9A33595E1B947B7D007CEDBB = {
						CreatedOnToolsVersion = 6.4;
						TestTargetID = 9A3359491B947B7C007CEDBB;
					};
				};
			};
			buildConfigurationList = 9A3359451B947B7C007CEDBB /* Build configuration list for PBXProject "AkutagawaPrize" */;
			compatibilityVersion = "Xcode 3.2";
			developmentRegion = English;
			hasScannedForEncodings = 0;
			knownRegions = (
				en,
				Base,
			);
			mainGroup = 9A3359411B947B7C007CEDBB;
			productRefGroup = 9A33594B1B947B7C007CEDBB /* Products */;
			projectDirPath = "";
			projectRoot = "";
			targets = (
				9A3359491B947B7C007CEDBB /* AkutagawaPrize */,
				9A33595E1B947B7D007CEDBB /* AkutagawaPrizeTests */,
			);
		};
/* End PBXProject section */

/* Begin PBXResourcesBuildPhase section */
		9A3359481B947B7C007CEDBB /* Resources */ = {
			isa = PBXResourcesBuildPhase;
			buildActionMask = 2147483647;
			files = (
				9A3359551B947B7C007CEDBB /* Main.storyboard in Resources */,
				9A33595A1B947B7C007CEDBB /* LaunchScreen.xib in Resources */,
				9A3359571B947B7C007CEDBB /* Images.xcassets in Resources */,
			);
			runOnlyForDeploymentPostprocessing = 0;
		};
		9A33595D1B947B7D007CEDBB /* Resources */ = {
			isa = PBXResourcesBuildPhase;
			buildActionMask = 2147483647;
			files = (
			);
			runOnlyForDeploymentPostprocessing = 0;
		};
/* End PBXResourcesBuildPhase section */

/* Begin PBXSourcesBuildPhase section */
		9A3359461B947B7C007CEDBB /* Sources */ = {
			isa = PBXSourcesBuildPhase;
			buildActionMask = 2147483647;
			files = (
				9A3359521B947B7C007CEDBB /* ViewController.swift in Sources */,
				9A3359501B947B7C007CEDBB /* AppDelegate.swift in Sources */,
			);
			runOnlyForDeploymentPostprocessing = 0;
		};
		9A33595B1B947B7D007CEDBB /* Sources */ = {
			isa = PBXSourcesBuildPhase;
			buildActionMask = 2147483647;
			files = (
				9A3359661B947B7D007CEDBB /* AkutagawaPrizeTests.swift in Sources */,
			);
			runOnlyForDeploymentPostprocessing = 0;
		};
/* End PBXSourcesBuildPhase section */

/* Begin PBXTargetDependency section */
		9A3359611B947B7D007CEDBB /* PBXTargetDependency */ = {
			isa = PBXTargetDependency;
			target = 9A3359491B947B7C007CEDBB /* AkutagawaPrize */;
			targetProxy = 9A3359601B947B7D007CEDBB /* PBXContainerItemProxy */;
		};
/* End PBXTargetDependency section */

/* Begin PBXVariantGroup section */
		9A3359531B947B7C007CEDBB /* Main.storyboard */ = {
			isa = PBXVariantGroup;
			children = (
				9A3359541B947B7C007CEDBB /* Base */,
			);
			name = Main.storyboard;
			sourceTree = "<group>";
		};
		9A3359581B947B7C007CEDBB /* LaunchScreen.xib */ = {
			isa = PBXVariantGroup;
			children = (
				9A3359591B947B7C007CEDBB /* Base */,
			);
			name = LaunchScreen.xib;
			sourceTree = "<group>";
		};
/* End PBXVariantGroup section */

/* Begin XCBuildConfiguration section */
		9A3359671B947B7D007CEDBB /* Debug */ = {
			isa = XCBuildConfiguration;
			buildSettings = {
				ALWAYS_SEARCH_USER_PATHS = NO;
				CLANG_CXX_LANGUAGE_STANDARD = "gnu++0x";
				CLANG_CXX_LIBRARY = "libc++";
				CLANG_ENABLE_MODULES = YES;
				CLANG_ENABLE_OBJC_ARC = YES;
				CLANG_WARN_BOOL_CONVERSION = YES;
				CLANG_WARN_CONSTANT_CONVERSION = YES;
				CLANG_WARN_DIRECT_OBJC_ISA_USAGE = YES_ERROR;
				CLANG_WARN_EMPTY_BODY = YES;
				CLANG_WARN_ENUM_CONVERSION = YES;
				CLANG_WARN_INT_CONVERSION = YES;
				CLANG_WARN_OBJC_ROOT_CLASS = YES_ERROR;
				CLANG_WARN_UNREACHABLE_CODE = YES;
				CLANG_WARN__DUPLICATE_METHOD_MATCH = YES;
				"CODE_SIGN_IDENTITY[sdk=iphoneos*]" = "iPhone Developer";
				COPY_PHASE_STRIP = NO;
				DEBUG_INFORMATION_FORMAT = "dwarf-with-dsym";
				ENABLE_STRICT_OBJC_MSGSEND = YES;
				GCC_C_LANGUAGE_STANDARD = gnu99;
				GCC_DYNAMIC_NO_PIC = NO;
				GCC_NO_COMMON_BLOCKS = YES;
				GCC_OPTIMIZATION_LEVEL = 0;
				GCC_PREPROCESSOR_DEFINITIONS = (
					"DEBUG=1",
					"$(inherited)",
				);
				GCC_SYMBOLS_PRIVATE_EXTERN = NO;
				GCC_WARN_64_TO_32_BIT_CONVERSION = YES;
				GCC_WARN_ABOUT_RETURN_TYPE = YES_ERROR;
				GCC_WARN_UNDECLARED_SELECTOR = YES;
				GCC_WARN_UNINITIALIZED_AUTOS = YES_AGGRESSIVE;
				GCC_WARN_UNUSED_FUNCTION = YES;
				GCC_WARN_UNUSED_VARIABLE = YES;
				IPHONEOS_DEPLOYMENT_TARGET = 8.4;
				MTL_ENABLE_DEBUG_INFO = YES;
				ONLY_ACTIVE_ARCH = YES;
				SDKROOT = iphoneos;
				SWIFT_OPTIMIZATION_LEVEL = "-Onone";
			};
			name = Debug;
		};
		9A3359681B947B7D007CEDBB /* Release */ = {
			isa = XCBuildConfiguration;
			buildSettings = {
				ALWAYS_SEARCH_USER_PATHS = NO;
				CLANG_CXX_LANGUAGE_STANDARD = "gnu++0x";
				CLANG_CXX_LIBRARY = "libc++";
				CLANG_ENABLE_MODULES = YES;
				CLANG_ENABLE_OBJC_ARC = YES;
				CLANG_WARN_BOOL_CONVERSION = YES;
				CLANG_WARN_CONSTANT_CONVERSION = YES;
				CLANG_WARN_DIRECT_OBJC_ISA_USAGE = YES_ERROR;
				CLANG_WARN_EMPTY_BODY = YES;
				CLANG_WARN_ENUM_CONVERSION = YES;
				CLANG_WARN_INT_CONVERSION = YES;
				CLANG_WARN_OBJC_ROOT_CLASS = YES_ERROR;
				CLANG_WARN_UNREACHABLE_CODE = YES;
				CLANG_WARN__DUPLICATE_METHOD_MATCH = YES;
				"CODE_SIGN_IDENTITY[sdk=iphoneos*]" = "iPhone Developer";
				COPY_PHASE_STRIP = NO;
				DEBUG_INFORMATION_FORMAT = "dwarf-with-dsym";
				ENABLE_NS_ASSERTIONS = NO;
				ENABLE_STRICT_OBJC_MSGSEND = YES;
				GCC_C_LANGUAGE_STANDARD = gnu99;
				GCC_NO_COMMON_BLOCKS = YES;
				GCC_WARN_64_TO_32_BIT_CONVERSION = YES;
				GCC_WARN_ABOUT_RETURN_TYPE = YES_ERROR;
				GCC_WARN_UNDECLARED_SELECTOR = YES;
				GCC_WARN_UNINITIALIZED_AUTOS = YES_AGGRESSIVE;
				GCC_WARN_UNUSED_FUNCTION = YES;
				GCC_WARN_UNUSED_VARIABLE = YES;
				IPHONEOS_DEPLOYMENT_TARGET = 8.4;
				MTL_ENABLE_DEBUG_INFO = NO;
				SDKROOT = iphoneos;
				VALIDATE_PRODUCT = YES;
			};
			name = Release;
		};
		9A33596A1B947B7D007CEDBB /* Debug */ = {
			isa = XCBuildConfiguration;
			buildSettings = {
				ASSETCATALOG_COMPILER_APPICON_NAME = AppIcon;
				INFOPLIST_FILE = AkutagawaPrize/Info.plist;
				LD_RUNPATH_SEARCH_PATHS = "$(inherited) @executable_path/Frameworks";
				PRODUCT_NAME = "$(TARGET_NAME)";
			};
			name = Debug;
		};
		9A33596B1B947B7D007CEDBB /* Release */ = {
			isa = XCBuildConfiguration;
			buildSettings = {
				ASSETCATALOG_COMPILER_APPICON_NAME = AppIcon;
				INFOPLIST_FILE = AkutagawaPrize/Info.plist;
				LD_RUNPATH_SEARCH_PATHS = "$(inherited) @executable_path/Frameworks";
				PRODUCT_NAME = "$(TARGET_NAME)";
			};
			name = Release;
		};
		9A33596D1B947B7D007CEDBB /* Debug */ = {
			isa = XCBuildConfiguration;
			buildSettings = {
				BUNDLE_LOADER = "$(TEST_HOST)";
				FRAMEWORK_SEARCH_PATHS = (
					"$(SDKROOT)/Developer/Library/Frameworks",
					"$(inherited)",
				);
				GCC_PREPROCESSOR_DEFINITIONS = (
					"DEBUG=1",
					"$(inherited)",
				);
				INFOPLIST_FILE = AkutagawaPrizeTests/Info.plist;
				LD_RUNPATH_SEARCH_PATHS = "$(inherited) @executable_path/Frameworks @loader_path/Frameworks";
				PRODUCT_NAME = "$(TARGET_NAME)";
				TEST_HOST = "$(BUILT_PRODUCTS_DIR)/AkutagawaPrize.app/AkutagawaPrize";
			};
			name = Debug;
		};
		9A33596E1B947B7D007CEDBB /* Release */ = {
			isa = XCBuildConfiguration;
			buildSettings = {
				BUNDLE_LOADER = "$(TEST_HOST)";
				FRAMEWORK_SEARCH_PATHS = (
					"$(SDKROOT)/Developer/Library/Frameworks",
					"$(inherited)",
				);
				INFOPLIST_FILE = AkutagawaPrizeTests/Info.plist;
				LD_RUNPATH_SEARCH_PATHS = "$(inherited) @executable_path/Frameworks @loader_path/Frameworks";
				PRODUCT_NAME = "$(TARGET_NAME)";
				TEST_HOST = "$(BUILT_PRODUCTS_DIR)/AkutagawaPrize.app/AkutagawaPrize";
			};
			name = Release;
		};
/* End XCBuildConfiguration section */

/* Begin XCConfigurationList section */
		9A3359451B947B7C007CEDBB /* Build configuration list for PBXProject "AkutagawaPrize" */ = {
			isa = XCConfigurationList;
			buildConfigurations = (
				9A3359671B947B7D007CEDBB /* Debug */,
				9A3359681B947B7D007CEDBB /* Release */,
			);
			defaultConfigurationIsVisible = 0;
			defaultConfigurationName = Release;
		};
		9A3359691B947B7D007CEDBB /* Build configuration list for PBXNativeTarget "AkutagawaPrize" */ = {
			isa = XCConfigurationList;
			buildConfigurations = (
				9A33596A1B947B7D007CEDBB /* Debug */,
				9A33596B1B947B7D007CEDBB /* Release */,
			);
			defaultConfigurationIsVisible = 0;
		};
		9A33596C1B947B7D007CEDBB /* Build configuration list for PBXNativeTarget "AkutagawaPrizeTests" */ = {
			isa = XCConfigurationList;
			buildConfigurations = (
				9A33596D1B947B7D007CEDBB /* Debug */,
				9A33596E1B947B7D007CEDBB /* Release */,
			);
			defaultConfigurationIsVisible = 0;
		};
/* End XCConfigurationList section */
	};
	rootObject = 9A3359421B947B7C007CEDBB /* Project object */;
}
